// !$*UTF8*$!
{
	archiveVersion = 1;
	classes = {
	};
	objectVersion = 52;
	objects = {

/* Begin PBXBuildFile section */
		860306DA26AEA9CB00F4FB0B /* PurchasePopup.swift in Sources */ = {isa = PBXBuildFile; fileRef = 860306D926AEA9CB00F4FB0B /* PurchasePopup.swift */; };
		860306DD26AEC5D000F4FB0B /* PurchaseSwipePromo.swift in Sources */ = {isa = PBXBuildFile; fileRef = 860306DC26AEC5D000F4FB0B /* PurchaseSwipePromo.swift */; };
		860306E026AECA5200F4FB0B /* PurchaseOptionView.swift in Sources */ = {isa = PBXBuildFile; fileRef = 860306DF26AECA5200F4FB0B /* PurchaseOptionView.swift */; };
		860306E226AEED8400F4FB0B /* Subscription.swift in Sources */ = {isa = PBXBuildFile; fileRef = 860306E126AEED8400F4FB0B /* Subscription.swift */; };
		860306E426B0140100F4FB0B /* RoundedCorner.swift in Sources */ = {isa = PBXBuildFile; fileRef = 860306E326B0140100F4FB0B /* RoundedCorner.swift */; };
		860306E726B02EFF00F4FB0B /* CardImageScroller.swift in Sources */ = {isa = PBXBuildFile; fileRef = 860306E626B02EFE00F4FB0B /* CardImageScroller.swift */; };
		861A519426A987E000B4C6C5 /* MessageListView.swift in Sources */ = {isa = PBXBuildFile; fileRef = 861A519326A987E000B4C6C5 /* MessageListView.swift */; };
		861A519626A98A9200B4C6C5 /* MessageListVM.swift in Sources */ = {isa = PBXBuildFile; fileRef = 861A519526A98A9100B4C6C5 /* MessageListVM.swift */; };
		861A519826A9AB9600B4C6C5 /* MessageRowView.swift in Sources */ = {isa = PBXBuildFile; fileRef = 861A519726A9AB9600B4C6C5 /* MessageRowView.swift */; };
		863022F926AAAC70006323A8 /* UserManager.swift in Sources */ = {isa = PBXBuildFile; fileRef = 863022F826AAAC70006323A8 /* UserManager.swift */; };
		863022FB26AAAD71006323A8 /* User.swift in Sources */ = {isa = PBXBuildFile; fileRef = 863022FA26AAAD71006323A8 /* User.swift */; };
		863022FD26AAB15E006323A8 /* LikesView.swift in Sources */ = {isa = PBXBuildFile; fileRef = 863022FC26AAB15E006323A8 /* LikesView.swift */; };
		8630230026AAC5DF006323A8 /* PersonSquare.swift in Sources */ = {isa = PBXBuildFile; fileRef = 863022FF26AAC5DF006323A8 /* PersonSquare.swift */; };
		8630230226AB00E0006323A8 /* TopPicksView.swift in Sources */ = {isa = PBXBuildFile; fileRef = 8630230126AB00E0006323A8 /* TopPicksView.swift */; };
		8630230426AB046F006323A8 /* MatchesView.swift in Sources */ = {isa = PBXBuildFile; fileRef = 8630230326AB046F006323A8 /* MatchesView.swift */; };
		8691A38B26A6C16D003B1F73 /* replicaApp.swift in Sources */ = {isa = PBXBuildFile; fileRef = 8691A38A26A6C16D003B1F73 /* replicaApp.swift */; };
		8691A38D26A6C16D003B1F73 /* ContentView.swift in Sources */ = {isa = PBXBuildFile; fileRef = 8691A38C26A6C16D003B1F73 /* ContentView.swift */; };
		8691A38F26A6C171003B1F73 /* Assets.xcassets in Resources */ = {isa = PBXBuildFile; fileRef = 8691A38E26A6C171003B1F73 /* Assets.xcassets */; };
		8691A39226A6C171003B1F73 /* Preview Assets.xcassets in Resources */ = {isa = PBXBuildFile; fileRef = 8691A39126A6C171003B1F73 /* Preview Assets.xcassets */; };
		8691A39A26A6C7AA003B1F73 /* MainView.swift in Sources */ = {isa = PBXBuildFile; fileRef = 8691A39926A6C7AA003B1F73 /* MainView.swift */; };
		8691A39C26A6CBEE003B1F73 /* TabBarButtonView.swift in Sources */ = {isa = PBXBuildFile; fileRef = 8691A39B26A6CBEE003B1F73 /* TabBarButtonView.swift */; };
		8691A39E26A6E74C003B1F73 /* AppStateManager.swift in Sources */ = {isa = PBXBuildFile; fileRef = 8691A39D26A6E74C003B1F73 /* AppStateManager.swift */; };
		8691A3A026A6EAEC003B1F73 /* Extensions.swift in Sources */ = {isa = PBXBuildFile; fileRef = 8691A39F26A6EAEC003B1F73 /* Extensions.swift */; };
		8691A3A226A7100B003B1F73 /* ProfileView.swift in Sources */ = {isa = PBXBuildFile; fileRef = 8691A3A126A7100B003B1F73 /* ProfileView.swift */; };
		8691A3A526A7169E003B1F73 /* RoundedImage.swift in Sources */ = {isa = PBXBuildFile; fileRef = 8691A3A426A7169E003B1F73 /* RoundedImage.swift */; };
		8691A3A826A717FD003B1F73 /* KingfisherSwiftUI in Frameworks */ = {isa = PBXBuildFile; productRef = 8691A3A726A717FD003B1F73 /* KingfisherSwiftUI */; };
		86F2216F26A80CD200EB7A66 /* ProfileSwipePromo.swift in Sources */ = {isa = PBXBuildFile; fileRef = 86F2216E26A80CD200EB7A66 /* ProfileSwipePromo.swift */; };
		86F2217126A8221600EB7A66 /* Message.swift in Sources */ = {isa = PBXBuildFile; fileRef = 86F2217026A8221600EB7A66 /* Message.swift */; };
		86F2217426A84B4C00EB7A66 /* Person.swift in Sources */ = {isa = PBXBuildFile; fileRef = 86F2217326A84B4C00EB7A66 /* Person.swift */; };
		86F2217626A84C7000EB7A66 /* MessagePreview.swift in Sources */ = {isa = PBXBuildFile; fileRef = 86F2217526A84C7000EB7A66 /* MessagePreview.swift */; };
		86F2217826A84DE400EB7A66 /* MessageView.swift in Sources */ = {isa = PBXBuildFile; fileRef = 86F2217726A84DE400EB7A66 /* MessageView.swift */; };
		86F2217B26A8537300EB7A66 /* ChatView.swift in Sources */ = {isa = PBXBuildFile; fileRef = 86F2217A26A8537300EB7A66 /* ChatView.swift */; };
		86F2217D26A853FB00EB7A66 /* ChatManager.swift in Sources */ = {isa = PBXBuildFile; fileRef = 86F2217C26A853FB00EB7A66 /* ChatManager.swift */; };
		86F2217F26A85EBD00EB7A66 /* ChatViewHeader.swift in Sources */ = {isa = PBXBuildFile; fileRef = 86F2217E26A85EBD00EB7A66 /* ChatViewHeader.swift */; };
/* End PBXBuildFile section */

/* Begin PBXFileReference section */
		860306D926AEA9CB00F4FB0B /* PurchasePopup.swift */ = {isa = PBXFileReference; lastKnownFileType = sourcecode.swift; path = PurchasePopup.swift; sourceTree = "<group>"; };
		860306DC26AEC5D000F4FB0B /* PurchaseSwipePromo.swift */ = {isa = PBXFileReference; lastKnownFileType = sourcecode.swift; path = PurchaseSwipePromo.swift; sourceTree = "<group>"; };
		860306DF26AECA5200F4FB0B /* PurchaseOptionView.swift */ = {isa = PBXFileReference; lastKnownFileType = sourcecode.swift; path = PurchaseOptionView.swift; sourceTree = "<group>"; };
		860306E126AEED8400F4FB0B /* Subscription.swift */ = {isa = PBXFileReference; lastKnownFileType = sourcecode.swift; path = Subscription.swift; sourceTree = "<group>"; };
		860306E326B0140100F4FB0B /* RoundedCorner.swift */ = {isa = PBXFileReference; lastKnownFileType = sourcecode.swift; path = RoundedCorner.swift; sourceTree = "<group>"; };
		860306E626B02EFE00F4FB0B /* CardImageScroller.swift */ = {isa = PBXFileReference; lastKnownFileType = sourcecode.swift; path = CardImageScroller.swift; sourceTree = "<group>"; };
		861A519326A987E000B4C6C5 /* MessageListView.swift */ = {isa = PBXFileReference; lastKnownFileType = sourcecode.swift; path = MessageListView.swift; sourceTree = "<group>"; };
		861A519526A98A9100B4C6C5 /* MessageListVM.swift */ = {isa = PBXFileReference; lastKnownFileType = sourcecode.swift; path = MessageListVM.swift; sourceTree = "<group>"; };
		861A519726A9AB9600B4C6C5 /* MessageRowView.swift */ = {isa = PBXFileReference; lastKnownFileType = sourcecode.swift; path = MessageRowView.swift; sourceTree = "<group>"; };
		863022F826AAAC70006323A8 /* UserManager.swift */ = {isa = PBXFileReference; lastKnownFileType = sourcecode.swift; path = UserManager.swift; sourceTree = "<group>"; };
		863022FA26AAAD71006323A8 /* User.swift */ = {isa = PBXFileReference; lastKnownFileType = sourcecode.swift; path = User.swift; sourceTree = "<group>"; };
		863022FC26AAB15E006323A8 /* LikesView.swift */ = {isa = PBXFileReference; lastKnownFileType = sourcecode.swift; path = LikesView.swift; sourceTree = "<group>"; };
		863022FF26AAC5DF006323A8 /* PersonSquare.swift */ = {isa = PBXFileReference; lastKnownFileType = sourcecode.swift; path = PersonSquare.swift; sourceTree = "<group>"; };
		8630230126AB00E0006323A8 /* TopPicksView.swift */ = {isa = PBXFileReference; lastKnownFileType = sourcecode.swift; path = TopPicksView.swift; sourceTree = "<group>"; };
		8630230326AB046F006323A8 /* MatchesView.swift */ = {isa = PBXFileReference; lastKnownFileType = sourcecode.swift; path = MatchesView.swift; sourceTree = "<group>"; };
		8691A38726A6C16D003B1F73 /* replica.app */ = {isa = PBXFileReference; explicitFileType = wrapper.application; includeInIndex = 0; path = replica.app; sourceTree = BUILT_PRODUCTS_DIR; };
		8691A38A26A6C16D003B1F73 /* replicaApp.swift */ = {isa = PBXFileReference; lastKnownFileType = sourcecode.swift; path = replicaApp.swift; sourceTree = "<group>"; };
		8691A38C26A6C16D003B1F73 /* ContentView.swift */ = {isa = PBXFileReference; lastKnownFileType = sourcecode.swift; path = ContentView.swift; sourceTree = "<group>"; };
		8691A38E26A6C171003B1F73 /* Assets.xcassets */ = {isa = PBXFileReference; lastKnownFileType = folder.assetcatalog; path = Assets.xcassets; sourceTree = "<group>"; };
		8691A39126A6C171003B1F73 /* Preview Assets.xcassets */ = {isa = PBXFileReference; lastKnownFileType = folder.assetcatalog; path = "Preview Assets.xcassets"; sourceTree = "<group>"; };
		8691A39326A6C171003B1F73 /* Info.plist */ = {isa = PBXFileReference; lastKnownFileType = text.plist.xml; path = Info.plist; sourceTree = "<group>"; };
		8691A39926A6C7AA003B1F73 /* MainView.swift */ = {isa = PBXFileReference; lastKnownFileType = sourcecode.swift; path = MainView.swift; sourceTree = "<group>"; };
		8691A39B26A6CBEE003B1F73 /* TabBarButtonView.swift */ = {isa = PBXFileReference; lastKnownFileType = sourcecode.swift; path = TabBarButtonView.swift; sourceTree = "<group>"; };
		8691A39D26A6E74C003B1F73 /* AppStateManager.swift */ = {isa = PBXFileReference; lastKnownFileType = sourcecode.swift; path = AppStateManager.swift; sourceTree = "<group>"; };
		8691A39F26A6EAEC003B1F73 /* Extensions.swift */ = {isa = PBXFileReference; lastKnownFileType = sourcecode.swift; path = Extensions.swift; sourceTree = "<group>"; };
		8691A3A126A7100B003B1F73 /* ProfileView.swift */ = {isa = PBXFileReference; lastKnownFileType = sourcecode.swift; path = ProfileView.swift; sourceTree = "<group>"; };
		8691A3A426A7169E003B1F73 /* RoundedImage.swift */ = {isa = PBXFileReference; lastKnownFileType = sourcecode.swift; path = RoundedImage.swift; sourceTree = "<group>"; };
		86F2216E26A80CD200EB7A66 /* ProfileSwipePromo.swift */ = {isa = PBXFileReference; lastKnownFileType = sourcecode.swift; path = ProfileSwipePromo.swift; sourceTree = "<group>"; };
		86F2217026A8221600EB7A66 /* Message.swift */ = {isa = PBXFileReference; lastKnownFileType = sourcecode.swift; path = Message.swift; sourceTree = "<group>"; };
		86F2217326A84B4C00EB7A66 /* Person.swift */ = {isa = PBXFileReference; lastKnownFileType = sourcecode.swift; path = Person.swift; sourceTree = "<group>"; };
		86F2217526A84C7000EB7A66 /* MessagePreview.swift */ = {isa = PBXFileReference; lastKnownFileType = sourcecode.swift; path = MessagePreview.swift; sourceTree = "<group>"; };
		86F2217726A84DE400EB7A66 /* MessageView.swift */ = {isa = PBXFileReference; lastKnownFileType = sourcecode.swift; path = MessageView.swift; sourceTree = "<group>"; };
		86F2217A26A8537300EB7A66 /* ChatView.swift */ = {isa = PBXFileReference; lastKnownFileType = sourcecode.swift; path = ChatView.swift; sourceTree = "<group>"; };
		86F2217C26A853FB00EB7A66 /* ChatManager.swift */ = {isa = PBXFileReference; lastKnownFileType = sourcecode.swift; path = ChatManager.swift; sourceTree = "<group>"; };
		86F2217E26A85EBD00EB7A66 /* ChatViewHeader.swift */ = {isa = PBXFileReference; lastKnownFileType = sourcecode.swift; path = ChatViewHeader.swift; sourceTree = "<group>"; };
/* End PBXFileReference section */

/* Begin PBXFrameworksBuildPhase section */
		8691A38426A6C16D003B1F73 /* Frameworks */ = {
			isa = PBXFrameworksBuildPhase;
			buildActionMask = 2147483647;
			files = (
				8691A3A826A717FD003B1F73 /* KingfisherSwiftUI in Frameworks */,
			);
			runOnlyForDeploymentPostprocessing = 0;
		};
/* End PBXFrameworksBuildPhase section */

/* Begin PBXGroup section */
		860306DB26AEA9E500F4FB0B /* Popups */ = {
			isa = PBXGroup;
			children = (
				860306DE26AEC5E900F4FB0B /* Purchase */,
			);
			path = Popups;
			sourceTree = "<group>";
		};
		860306DE26AEC5E900F4FB0B /* Purchase */ = {
			isa = PBXGroup;
			children = (
				860306D926AEA9CB00F4FB0B /* PurchasePopup.swift */,
				860306DC26AEC5D000F4FB0B /* PurchaseSwipePromo.swift */,
				860306DF26AECA5200F4FB0B /* PurchaseOptionView.swift */,
			);
			path = Purchase;
			sourceTree = "<group>";
		};
		860306E526B0141100F4FB0B /* Extensions */ = {
			isa = PBXGroup;
			children = (
				8691A39F26A6EAEC003B1F73 /* Extensions.swift */,
				860306E326B0140100F4FB0B /* RoundedCorner.swift */,
			);
			path = Extensions;
			sourceTree = "<group>";
		};
		860306E826B02F0D00F4FB0B /* CardViews */ = {
			isa = PBXGroup;
			children = (
				860306E626B02EFE00F4FB0B /* CardImageScroller.swift */,
			);
			path = CardViews;
			sourceTree = "<group>";
		};
		860306E926B02F3D00F4FB0B /* Home */ = {
			isa = PBXGroup;
			children = (
				860306E826B02F0D00F4FB0B /* CardViews */,
			);
			path = Home;
			sourceTree = "<group>";
		};
		863022FE26AAB172006323A8 /* Matches */ = {
			isa = PBXGroup;
			children = (
				863022FC26AAB15E006323A8 /* LikesView.swift */,
				863022FF26AAC5DF006323A8 /* PersonSquare.swift */,
				8630230126AB00E0006323A8 /* TopPicksView.swift */,
				8630230326AB046F006323A8 /* MatchesView.swift */,
			);
			path = Matches;
			sourceTree = "<group>";
		};
		8691A37E26A6C16D003B1F73 = {
			isa = PBXGroup;
			children = (
				8691A38926A6C16D003B1F73 /* replica */,
				8691A38826A6C16D003B1F73 /* Products */,
			);
			sourceTree = "<group>";
		};
		8691A38826A6C16D003B1F73 /* Products */ = {
			isa = PBXGroup;
			children = (
				8691A38726A6C16D003B1F73 /* replica.app */,
			);
			name = Products;
			sourceTree = "<group>";
		};
		8691A38926A6C16D003B1F73 /* replica */ = {
			isa = PBXGroup;
			children = (
				8691A38A26A6C16D003B1F73 /* replicaApp.swift */,
				8691A38C26A6C16D003B1F73 /* ContentView.swift */,
				8691A39926A6C7AA003B1F73 /* MainView.swift */,
				8691A39D26A6E74C003B1F73 /* AppStateManager.swift */,
				863022F826AAAC70006323A8 /* UserManager.swift */,
				8691A39B26A6CBEE003B1F73 /* TabBarButtonView.swift */,
				860306E526B0141100F4FB0B /* Extensions */,
				860306E926B02F3D00F4FB0B /* Home */,
				86F2217926A84DF200EB7A66 /* Messages */,
				863022FE26AAB172006323A8 /* Matches */,
				8691A3A326A71057003B1F73 /* Profile */,
				8691A3A926A719DA003B1F73 /* HelperViews */,
				860306DB26AEA9E500F4FB0B /* Popups */,
				86F2217226A8223100EB7A66 /* Model */,
				8691A38E26A6C171003B1F73 /* Assets.xcassets */,
				8691A39326A6C171003B1F73 /* Info.plist */,
				8691A39026A6C171003B1F73 /* Preview Content */,
			);
			path = replica;
			sourceTree = "<group>";
		};
		8691A39026A6C171003B1F73 /* Preview Content */ = {
			isa = PBXGroup;
			children = (
				8691A39126A6C171003B1F73 /* Preview Assets.xcassets */,
			);
			path = "Preview Content";
			sourceTree = "<group>";
		};
		8691A3A326A71057003B1F73 /* Profile */ = {
			isa = PBXGroup;
			children = (
				8691A3A126A7100B003B1F73 /* ProfileView.swift */,
				86F2216E26A80CD200EB7A66 /* ProfileSwipePromo.swift */,
			);
			path = Profile;
			sourceTree = "<group>";
		};
		8691A3A926A719DA003B1F73 /* HelperViews */ = {
			isa = PBXGroup;
			children = (
				8691A3A426A7169E003B1F73 /* RoundedImage.swift */,
			);
			path = HelperViews;
			sourceTree = "<group>";
		};
		86F2217226A8223100EB7A66 /* Model */ = {
			isa = PBXGroup;
			children = (
				86F2217026A8221600EB7A66 /* Message.swift */,
				86F2217326A84B4C00EB7A66 /* Person.swift */,
				86F2217526A84C7000EB7A66 /* MessagePreview.swift */,
				863022FA26AAAD71006323A8 /* User.swift */,
				860306E126AEED8400F4FB0B /* Subscription.swift */,
			);
			path = Model;
			sourceTree = "<group>";
		};
		86F2217926A84DF200EB7A66 /* Messages */ = {
			isa = PBXGroup;
			children = (
				86F2217726A84DE400EB7A66 /* MessageView.swift */,
				86F2217A26A8537300EB7A66 /* ChatView.swift */,
				86F2217C26A853FB00EB7A66 /* ChatManager.swift */,
				86F2217E26A85EBD00EB7A66 /* ChatViewHeader.swift */,
				861A519326A987E000B4C6C5 /* MessageListView.swift */,
				861A519726A9AB9600B4C6C5 /* MessageRowView.swift */,
				861A519526A98A9100B4C6C5 /* MessageListVM.swift */,
			);
			path = Messages;
			sourceTree = "<group>";
		};
/* End PBXGroup section */

/* Begin PBXNativeTarget section */
		8691A38626A6C16D003B1F73 /* replica */ = {
			isa = PBXNativeTarget;
			buildConfigurationList = 8691A39626A6C171003B1F73 /* Build configuration list for PBXNativeTarget "replica" */;
			buildPhases = (
				8691A38326A6C16D003B1F73 /* Sources */,
				8691A38426A6C16D003B1F73 /* Frameworks */,
				8691A38526A6C16D003B1F73 /* Resources */,
			);
			buildRules = (
			);
			dependencies = (
			);
			name = replica;
			packageProductDependencies = (
				8691A3A726A717FD003B1F73 /* KingfisherSwiftUI */,
			);
			productName = replica;
			productReference = 8691A38726A6C16D003B1F73 /* replica.app */;
			productType = "com.apple.product-type.application";
		};
/* End PBXNativeTarget section */

/* Begin PBXProject section */
		8691A37F26A6C16D003B1F73 /* Project object */ = {
			isa = PBXProject;
			attributes = {
				LastSwiftUpdateCheck = 1250;
				LastUpgradeCheck = 1250;
				TargetAttributes = {
					8691A38626A6C16D003B1F73 = {
						CreatedOnToolsVersion = 12.5.1;
					};
				};
			};
			buildConfigurationList = 8691A38226A6C16D003B1F73 /* Build configuration list for PBXProject "replica" */;
			compatibilityVersion = "Xcode 9.3";
			developmentRegion = en;
			hasScannedForEncodings = 0;
			knownRegions = (
				en,
				Base,
			);
			mainGroup = 8691A37E26A6C16D003B1F73;
			packageReferences = (
				8691A3A626A717FD003B1F73 /* XCRemoteSwiftPackageReference "Kingfisher" */,
			);
			productRefGroup = 8691A38826A6C16D003B1F73 /* Products */;
			projectDirPath = "";
			projectRoot = "";
			targets = (
				8691A38626A6C16D003B1F73 /* replica */,
			);
		};
/* End PBXProject section */

/* Begin PBXResourcesBuildPhase section */
		8691A38526A6C16D003B1F73 /* Resources */ = {
			isa = PBXResourcesBuildPhase;
			buildActionMask = 2147483647;
			files = (
				8691A39226A6C171003B1F73 /* Preview Assets.xcassets in Resources */,
				8691A38F26A6C171003B1F73 /* Assets.xcassets in Resources */,
			);
			runOnlyForDeploymentPostprocessing = 0;
		};
/* End PBXResourcesBuildPhase section */

/* Begin PBXSourcesBuildPhase section */
		8691A38326A6C16D003B1F73 /* Sources */ = {
			isa = PBXSourcesBuildPhase;
			buildActionMask = 2147483647;
			files = (
				86F2217D26A853FB00EB7A66 /* ChatManager.swift in Sources */,
				861A519426A987E000B4C6C5 /* MessageListView.swift in Sources */,
				8691A39C26A6CBEE003B1F73 /* TabBarButtonView.swift in Sources */,
				8630230026AAC5DF006323A8 /* PersonSquare.swift in Sources */,
				8691A3A526A7169E003B1F73 /* RoundedImage.swift in Sources */,
				860306DA26AEA9CB00F4FB0B /* PurchasePopup.swift in Sources */,
				86F2217F26A85EBD00EB7A66 /* ChatViewHeader.swift in Sources */,
				8630230426AB046F006323A8 /* MatchesView.swift in Sources */,
				861A519826A9AB9600B4C6C5 /* MessageRowView.swift in Sources */,
				8691A3A026A6EAEC003B1F73 /* Extensions.swift in Sources */,
				861A519626A98A9200B4C6C5 /* MessageListVM.swift in Sources */,
				8691A38D26A6C16D003B1F73 /* ContentView.swift in Sources */,
				860306E426B0140100F4FB0B /* RoundedCorner.swift in Sources */,
				860306E226AEED8400F4FB0B /* Subscription.swift in Sources */,
				86F2217B26A8537300EB7A66 /* ChatView.swift in Sources */,
				86F2217426A84B4C00EB7A66 /* Person.swift in Sources */,
				86F2217826A84DE400EB7A66 /* MessageView.swift in Sources */,
				86F2216F26A80CD200EB7A66 /* ProfileSwipePromo.swift in Sources */,
				8691A39A26A6C7AA003B1F73 /* MainView.swift in Sources */,
				8691A38B26A6C16D003B1F73 /* replicaApp.swift in Sources */,
				860306E726B02EFF00F4FB0B /* CardImageScroller.swift in Sources */,
				860306E026AECA5200F4FB0B /* PurchaseOptionView.swift in Sources */,
				86F2217126A8221600EB7A66 /* Message.swift in Sources */,
				860306DD26AEC5D000F4FB0B /* PurchaseSwipePromo.swift in Sources */,
				8691A3A226A7100B003B1F73 /* ProfileView.swift in Sources */,
				863022FD26AAB15E006323A8 /* LikesView.swift in Sources */,
				8691A39E26A6E74C003B1F73 /* AppStateManager.swift in Sources */,
				863022F926AAAC70006323A8 /* UserManager.swift in Sources */,
				8630230226AB00E0006323A8 /* TopPicksView.swift in Sources */,
				86F2217626A84C7000EB7A66 /* MessagePreview.swift in Sources */,
				863022FB26AAAD71006323A8 /* User.swift in Sources */,
			);
			runOnlyForDeploymentPostprocessing = 0;
		};
/* End PBXSourcesBuildPhase section */

/* Begin XCBuildConfiguration section */
		8691A39426A6C171003B1F73 /* Debug */ = {
			isa = XCBuildConfiguration;
			buildSettings = {
				ALWAYS_SEARCH_USER_PATHS = NO;
				CLANG_ANALYZER_NONNULL = YES;
				CLANG_ANALYZER_NUMBER_OBJECT_CONVERSION = YES_AGGRESSIVE;
				CLANG_CXX_LANGUAGE_STANDARD = "gnu++14";
				CLANG_CXX_LIBRARY = "libc++";
				CLANG_ENABLE_MODULES = YES;
				CLANG_ENABLE_OBJC_ARC = YES;
				CLANG_ENABLE_OBJC_WEAK = YES;
				CLANG_WARN_BLOCK_CAPTURE_AUTORELEASING = YES;
				CLANG_WARN_BOOL_CONVERSION = YES;
				CLANG_WARN_COMMA = YES;
				CLANG_WARN_CONSTANT_CONVERSION = YES;
				CLANG_WARN_DEPRECATED_OBJC_IMPLEMENTATIONS = YES;
				CLANG_WARN_DIRECT_OBJC_ISA_USAGE = YES_ERROR;
				CLANG_WARN_DOCUMENTATION_COMMENTS = YES;
				CLANG_WARN_EMPTY_BODY = YES;
				CLANG_WARN_ENUM_CONVERSION = YES;
				CLANG_WARN_INFINITE_RECURSION = YES;
				CLANG_WARN_INT_CONVERSION = YES;
				CLANG_WARN_NON_LITERAL_NULL_CONVERSION = YES;
				CLANG_WARN_OBJC_IMPLICIT_RETAIN_SELF = YES;
				CLANG_WARN_OBJC_LITERAL_CONVERSION = YES;
				CLANG_WARN_OBJC_ROOT_CLASS = YES_ERROR;
				CLANG_WARN_QUOTED_INCLUDE_IN_FRAMEWORK_HEADER = YES;
				CLANG_WARN_RANGE_LOOP_ANALYSIS = YES;
				CLANG_WARN_STRICT_PROTOTYPES = YES;
				CLANG_WARN_SUSPICIOUS_MOVE = YES;
				CLANG_WARN_UNGUARDED_AVAILABILITY = YES_AGGRESSIVE;
				CLANG_WARN_UNREACHABLE_CODE = YES;
				CLANG_WARN__DUPLICATE_METHOD_MATCH = YES;
				COPY_PHASE_STRIP = NO;
				DEBUG_INFORMATION_FORMAT = dwarf;
				ENABLE_STRICT_OBJC_MSGSEND = YES;
				ENABLE_TESTABILITY = YES;
				GCC_C_LANGUAGE_STANDARD = gnu11;
				GCC_DYNAMIC_NO_PIC = NO;
				GCC_NO_COMMON_BLOCKS = YES;
				GCC_OPTIMIZATION_LEVEL = 0;
				GCC_PREPROCESSOR_DEFINITIONS = (
					"DEBUG=1",
					"$(inherited)",
				);
				GCC_WARN_64_TO_32_BIT_CONVERSION = YES;
				GCC_WARN_ABOUT_RETURN_TYPE = YES_ERROR;
				GCC_WARN_UNDECLARED_SELECTOR = YES;
				GCC_WARN_UNINITIALIZED_AUTOS = YES_AGGRESSIVE;
				GCC_WARN_UNUSED_FUNCTION = YES;
				GCC_WARN_UNUSED_VARIABLE = YES;
				IPHONEOS_DEPLOYMENT_TARGET = 14.5;
				MTL_ENABLE_DEBUG_INFO = INCLUDE_SOURCE;
				MTL_FAST_MATH = YES;
				ONLY_ACTIVE_ARCH = YES;
				SDKROOT = iphoneos;
				SWIFT_ACTIVE_COMPILATION_CONDITIONS = DEBUG;
				SWIFT_OPTIMIZATION_LEVEL = "-Onone";
			};
			name = Debug;
		};
		8691A39526A6C171003B1F73 /* Release */ = {
			isa = XCBuildConfiguration;
			buildSettings = {
				ALWAYS_SEARCH_USER_PATHS = NO;
				CLANG_ANALYZER_NONNULL = YES;
				CLANG_ANALYZER_NUMBER_OBJECT_CONVERSION = YES_AGGRESSIVE;
				CLANG_CXX_LANGUAGE_STANDARD = "gnu++14";
				CLANG_CXX_LIBRARY = "libc++";
				CLANG_ENABLE_MODULES = YES;
				CLANG_ENABLE_OBJC_ARC = YES;
				CLANG_ENABLE_OBJC_WEAK = YES;
				CLANG_WARN_BLOCK_CAPTURE_AUTORELEASING = YES;
				CLANG_WARN_BOOL_CONVERSION = YES;
				CLANG_WARN_COMMA = YES;
				CLANG_WARN_CONSTANT_CONVERSION = YES;
				CLANG_WARN_DEPRECATED_OBJC_IMPLEMENTATIONS = YES;
				CLANG_WARN_DIRECT_OBJC_ISA_USAGE = YES_ERROR;
				CLANG_WARN_DOCUMENTATION_COMMENTS = YES;
				CLANG_WARN_EMPTY_BODY = YES;
				CLANG_WARN_ENUM_CONVERSION = YES;
				CLANG_WARN_INFINITE_RECURSION = YES;
				CLANG_WARN_INT_CONVERSION = YES;
				CLANG_WARN_NON_LITERAL_NULL_CONVERSION = YES;
				CLANG_WARN_OBJC_IMPLICIT_RETAIN_SELF = YES;
				CLANG_WARN_OBJC_LITERAL_CONVERSION = YES;
				CLANG_WARN_OBJC_ROOT_CLASS = YES_ERROR;
				CLANG_WARN_QUOTED_INCLUDE_IN_FRAMEWORK_HEADER = YES;
				CLANG_WARN_RANGE_LOOP_ANALYSIS = YES;
				CLANG_WARN_STRICT_PROTOTYPES = YES;
				CLANG_WARN_SUSPICIOUS_MOVE = YES;
				CLANG_WARN_UNGUARDED_AVAILABILITY = YES_AGGRESSIVE;
				CLANG_WARN_UNREACHABLE_CODE = YES;
				CLANG_WARN__DUPLICATE_METHOD_MATCH = YES;
				COPY_PHASE_STRIP = NO;
				DEBUG_INFORMATION_FORMAT = "dwarf-with-dsym";
				ENABLE_NS_ASSERTIONS = NO;
				ENABLE_STRICT_OBJC_MSGSEND = YES;
				GCC_C_LANGUAGE_STANDARD = gnu11;
				GCC_NO_COMMON_BLOCKS = YES;
				GCC_WARN_64_TO_32_BIT_CONVERSION = YES;
				GCC_WARN_ABOUT_RETURN_TYPE = YES_ERROR;
				GCC_WARN_UNDECLARED_SELECTOR = YES;
				GCC_WARN_UNINITIALIZED_AUTOS = YES_AGGRESSIVE;
				GCC_WARN_UNUSED_FUNCTION = YES;
				GCC_WARN_UNUSED_VARIABLE = YES;
				IPHONEOS_DEPLOYMENT_TARGET = 14.5;
				MTL_ENABLE_DEBUG_INFO = NO;
				MTL_FAST_MATH = YES;
				SDKROOT = iphoneos;
				SWIFT_COMPILATION_MODE = wholemodule;
				SWIFT_OPTIMIZATION_LEVEL = "-O";
				VALIDATE_PRODUCT = YES;
			};
			name = Release;
		};
		8691A39726A6C171003B1F73 /* Debug */ = {
			isa = XCBuildConfiguration;
			buildSettings = {
				ASSETCATALOG_COMPILER_APPICON_NAME = AppIcon;
				ASSETCATALOG_COMPILER_GLOBAL_ACCENT_COLOR_NAME = AccentColor;
				CODE_SIGN_STYLE = Automatic;
				DEVELOPMENT_ASSET_PATHS = "\"replica/Preview Content\"";
				DEVELOPMENT_TEAM = Q83UDRLJ2X;
				ENABLE_PREVIEWS = YES;
				INFOPLIST_FILE = replica/Info.plist;
				IPHONEOS_DEPLOYMENT_TARGET = 14.0;
				LD_RUNPATH_SEARCH_PATHS = (
					"$(inherited)",
					"@executable_path/Frameworks",
				);
				PRODUCT_BUNDLE_IDENTIFIER = com.stamp.replica;
				PRODUCT_NAME = "$(TARGET_NAME)";
				SWIFT_VERSION = 5.0;
				TARGETED_DEVICE_FAMILY = "1,2";
			};
			name = Debug;
		};
		8691A39826A6C171003B1F73 /* Release */ = {
			isa = XCBuildConfiguration;
			buildSettings = {
				ASSETCATALOG_COMPILER_APPICON_NAME = AppIcon;
				ASSETCATALOG_COMPILER_GLOBAL_ACCENT_COLOR_NAME = AccentColor;
				CODE_SIGN_STYLE = Automatic;
				DEVELOPMENT_ASSET_PATHS = "\"replica/Preview Content\"";
				DEVELOPMENT_TEAM = Q83UDRLJ2X;
				ENABLE_PREVIEWS = YES;
				INFOPLIST_FILE = replica/Info.plist;
				IPHONEOS_DEPLOYMENT_TARGET = 14.0;
				LD_RUNPATH_SEARCH_PATHS = (
					"$(inherited)",
					"@executable_path/Frameworks",
				);
				PRODUCT_BUNDLE_IDENTIFIER = com.stamp.replica;
				PRODUCT_NAME = "$(TARGET_NAME)";
				SWIFT_VERSION = 5.0;
				TARGETED_DEVICE_FAMILY = "1,2";
			};
			name = Release;
		};
/* End XCBuildConfiguration section */

/* Begin XCConfigurationList section */
		8691A38226A6C16D003B1F73 /* Build configuration list for PBXProject "replica" */ = {
			isa = XCConfigurationList;
			buildConfigurations = (
				8691A39426A6C171003B1F73 /* Debug */,
				8691A39526A6C171003B1F73 /* Release */,
			);
			defaultConfigurationIsVisible = 0;
			defaultConfigurationName = Release;
		};
		8691A39626A6C171003B1F73 /* Build configuration list for PBXNativeTarget "replica" */ = {
			isa = XCConfigurationList;
			buildConfigurations = (
				8691A39726A6C171003B1F73 /* Debug */,
				8691A39826A6C171003B1F73 /* Release */,
			);
			defaultConfigurationIsVisible = 0;
			defaultConfigurationName = Release;
		};
/* End XCConfigurationList section */

/* Begin XCRemoteSwiftPackageReference section */
		8691A3A626A717FD003B1F73 /* XCRemoteSwiftPackageReference "Kingfisher" */ = {
			isa = XCRemoteSwiftPackageReference;
			repositoryURL = "https://github.com/onevcat/Kingfisher";
			requirement = {
				kind = exactVersion;
				version = 5.15.7;
			};
		};
/* End XCRemoteSwiftPackageReference section */

/* Begin XCSwiftPackageProductDependency section */
		8691A3A726A717FD003B1F73 /* KingfisherSwiftUI */ = {
			isa = XCSwiftPackageProductDependency;
			package = 8691A3A626A717FD003B1F73 /* XCRemoteSwiftPackageReference "Kingfisher" */;
			productName = KingfisherSwiftUI;
		};
/* End XCSwiftPackageProductDependency section */
	};
	rootObject = 8691A37F26A6C16D003B1F73 /* Project object */;
}
